
Microsoft Visual Studio Solution File, Format Version 12.00
# Visual Studio Version 16
VisualStudioVersion = 16.0.28803.352
MinimumVisualStudioVersion = 10.0.40219.1
Project("{FAE04EC0-301F-11D3-BF4B-00C04F79EFBC}") = "FunctionApp1", "FunctionApp1\FunctionApp1.csproj", "{D7C25AF9-BDB7-46A5-8AFE-F56152F0E59E}"
EndProject
Global
	GlobalSection(SolutionConfigurationPlatforms) = preSolution
		Debug|Any CPU = Debug|Any CPU
		Release|Any CPU = Release|Any CPU
	EndGlobalSection
	GlobalSection(ProjectConfigurationPlatforms) = postSolution
		{D7C25AF9-BDB7-46A5-8AFE-F56152F0E59E}.Debug|Any CPU.ActiveCfg = Debug|Any CPU
		{D7C25AF9-BDB7-46A5-8AFE-F56152F0E59E}.Debug|Any CPU.Build.0 = Debug|Any CPU
		{D7C25AF9-BDB7-46A5-8AFE-F56152F0E59E}.Release|Any CPU.ActiveCfg = Release|Any CPU
		{D7C25AF9-BDB7-46A5-8AFE-F56152F0E59E}.Release|Any CPU.Build.0 = Release|Any CPU
	EndGlobalSection
	GlobalSection(SolutionProperties) = preSolution
		HideSolutionNode = FALSE
	EndGlobalSection
	GlobalSection(ExtensibilityGlobals) = postSolution
		SolutionGuid = {29DA60C6-7A31-4FA8-AD5F-4C1A8A7BBF71}
	EndGlobalSection
EndGlobal
